
Microsoft Visual Studio Solution File, Format Version 12.00
# Visual Studio 15
VisualStudioVersion = 15.0.28307.168
MinimumVisualStudioVersion = 10.0.40219.1
Project("{FAE04EC0-301F-11D3-BF4B-00C04F79EFBC}") = "WPFMeteroWindow", "WPFMeteroWindow\WPFMeteroWindow.csproj", "{ED7B9B20-0DC3-49E6-811D-C38B4DBCE5A2}"
EndProject
Global
	GlobalSection(SolutionConfigurationPlatforms) = preSolution
		Debug|Any CPU = Debug|Any CPU
		Release|Any CPU = Release|Any CPU
	EndGlobalSection
	GlobalSection(ProjectConfigurationPlatforms) = postSolution
		{ED7B9B20-0DC3-49E6-811D-C38B4DBCE5A2}.Debug|Any CPU.ActiveCfg = Debug|Any CPU
		{ED7B9B20-0DC3-49E6-811D-C38B4DBCE5A2}.Debug|Any CPU.Build.0 = Debug|Any CPU
		{ED7B9B20-0DC3-49E6-811D-C38B4DBCE5A2}.Release|Any CPU.ActiveCfg = Release|Any CPU
		{ED7B9B20-0DC3-49E6-811D-C38B4DBCE5A2}.Release|Any CPU.Build.0 = Release|Any CPU
	EndGlobalSection
	GlobalSection(SolutionProperties) = preSolution
		HideSolutionNode = FALSE
	EndGlobalSection
	GlobalSection(ExtensibilityGlobals) = postSolution
		SolutionGuid = {B46FB32A-B180-46DB-BA36-92EFD3893E60}
	EndGlobalSection
EndGlobal
