
Microsoft Visual Studio Solution File, Format Version 12.00
# Visual Studio Version 17
VisualStudioVersion = 17.0.31512.422
MinimumVisualStudioVersion = 10.0.40219.1
Project("{FAE04EC0-301F-11D3-BF4B-00C04F79EFBC}") = "CustomLearning", "WPFMeteroWindow\CustomLearning.csproj", "{ED7B9B20-0DC3-49E6-811D-C38B4DBCE5A2}"
EndProject
Project("{FAE04EC0-301F-11D3-BF4B-00C04F79EFBC}") = "CustomLearningUpdater", "CustomLearningUpdater\CustomLearningUpdater.csproj", "{99E25F19-5489-49EB-A7CB-4FDE7FA10B44}"
EndProject
Global
	GlobalSection(SolutionConfigurationPlatforms) = preSolution
		Debug|Any CPU = Debug|Any CPU
		Debug|ARM = Debug|ARM
		Debug|ARM64 = Debug|ARM64
		Debug|x64 = Debug|x64
		Debug|x86 = Debug|x86
		Release|Any CPU = Release|Any CPU
		Release|ARM = Release|ARM
		Release|ARM64 = Release|ARM64
		Release|x64 = Release|x64
		Release|x86 = Release|x86
	EndGlobalSection
	GlobalSection(ProjectConfigurationPlatforms) = postSolution
		{ED7B9B20-0DC3-49E6-811D-C38B4DBCE5A2}.Debug|Any CPU.ActiveCfg = Debug|Any CPU
		{ED7B9B20-0DC3-49E6-811D-C38B4DBCE5A2}.Debug|Any CPU.Build.0 = Debug|Any CPU
		{ED7B9B20-0DC3-49E6-811D-C38B4DBCE5A2}.Debug|ARM.ActiveCfg = Debug|Any CPU
		{ED7B9B20-0DC3-49E6-811D-C38B4DBCE5A2}.Debug|ARM.Build.0 = Debug|Any CPU
		{ED7B9B20-0DC3-49E6-811D-C38B4DBCE5A2}.Debug|ARM64.ActiveCfg = Debug|Any CPU
		{ED7B9B20-0DC3-49E6-811D-C38B4DBCE5A2}.Debug|ARM64.Build.0 = Debug|Any CPU
		{ED7B9B20-0DC3-49E6-811D-C38B4DBCE5A2}.Debug|x64.ActiveCfg = Debug|x64
		{ED7B9B20-0DC3-49E6-811D-C38B4DBCE5A2}.Debug|x64.Build.0 = Debug|x64
		{ED7B9B20-0DC3-49E6-811D-C38B4DBCE5A2}.Debug|x86.ActiveCfg = Debug|Any CPU
		{ED7B9B20-0DC3-49E6-811D-C38B4DBCE5A2}.Debug|x86.Build.0 = Debug|Any CPU
		{ED7B9B20-0DC3-49E6-811D-C38B4DBCE5A2}.Release|Any CPU.ActiveCfg = Release|Any CPU
		{ED7B9B20-0DC3-49E6-811D-C38B4DBCE5A2}.Release|Any CPU.Build.0 = Release|Any CPU
		{ED7B9B20-0DC3-49E6-811D-C38B4DBCE5A2}.Release|ARM.ActiveCfg = Release|Any CPU
		{ED7B9B20-0DC3-49E6-811D-C38B4DBCE5A2}.Release|ARM.Build.0 = Release|Any CPU
		{ED7B9B20-0DC3-49E6-811D-C38B4DBCE5A2}.Release|ARM64.ActiveCfg = Release|Any CPU
		{ED7B9B20-0DC3-49E6-811D-C38B4DBCE5A2}.Release|ARM64.Build.0 = Release|Any CPU
		{ED7B9B20-0DC3-49E6-811D-C38B4DBCE5A2}.Release|x64.ActiveCfg = Release|x64
		{ED7B9B20-0DC3-49E6-811D-C38B4DBCE5A2}.Release|x64.Build.0 = Release|x64
		{ED7B9B20-0DC3-49E6-811D-C38B4DBCE5A2}.Release|x86.ActiveCfg = Release|Any CPU
		{ED7B9B20-0DC3-49E6-811D-C38B4DBCE5A2}.Release|x86.Build.0 = Release|Any CPU
		{99E25F19-5489-49EB-A7CB-4FDE7FA10B44}.Debug|Any CPU.ActiveCfg = Debug|Any CPU
		{99E25F19-5489-49EB-A7CB-4FDE7FA10B44}.Debug|Any CPU.Build.0 = Debug|Any CPU
		{99E25F19-5489-49EB-A7CB-4FDE7FA10B44}.Debug|ARM.ActiveCfg = Debug|Any CPU
		{99E25F19-5489-49EB-A7CB-4FDE7FA10B44}.Debug|ARM.Build.0 = Debug|Any CPU
		{99E25F19-5489-49EB-A7CB-4FDE7FA10B44}.Debug|ARM64.ActiveCfg = Debug|Any CPU
		{99E25F19-5489-49EB-A7CB-4FDE7FA10B44}.Debug|ARM64.Build.0 = Debug|Any CPU
		{99E25F19-5489-49EB-A7CB-4FDE7FA10B44}.Debug|x64.ActiveCfg = Debug|Any CPU
		{99E25F19-5489-49EB-A7CB-4FDE7FA10B44}.Debug|x64.Build.0 = Debug|Any CPU
		{99E25F19-5489-49EB-A7CB-4FDE7FA10B44}.Debug|x86.ActiveCfg = Debug|Any CPU
		{99E25F19-5489-49EB-A7CB-4FDE7FA10B44}.Debug|x86.Build.0 = Debug|Any CPU
		{99E25F19-5489-49EB-A7CB-4FDE7FA10B44}.Release|Any CPU.ActiveCfg = Release|Any CPU
		{99E25F19-5489-49EB-A7CB-4FDE7FA10B44}.Release|Any CPU.Build.0 = Release|Any CPU
		{99E25F19-5489-49EB-A7CB-4FDE7FA10B44}.Release|ARM.ActiveCfg = Release|Any CPU
		{99E25F19-5489-49EB-A7CB-4FDE7FA10B44}.Release|ARM.Build.0 = Release|Any CPU
		{99E25F19-5489-49EB-A7CB-4FDE7FA10B44}.Release|ARM64.ActiveCfg = Release|Any CPU
		{99E25F19-5489-49EB-A7CB-4FDE7FA10B44}.Release|ARM64.Build.0 = Release|Any CPU
		{99E25F19-5489-49EB-A7CB-4FDE7FA10B44}.Release|x64.ActiveCfg = Release|Any CPU
		{99E25F19-5489-49EB-A7CB-4FDE7FA10B44}.Release|x64.Build.0 = Release|Any CPU
		{99E25F19-5489-49EB-A7CB-4FDE7FA10B44}.Release|x86.ActiveCfg = Release|Any CPU
		{99E25F19-5489-49EB-A7CB-4FDE7FA10B44}.Release|x86.Build.0 = Release|Any CPU
	EndGlobalSection
	GlobalSection(SolutionProperties) = preSolution
		HideSolutionNode = FALSE
	EndGlobalSection
	GlobalSection(ExtensibilityGlobals) = postSolution
		SolutionGuid = {B46FB32A-B180-46DB-BA36-92EFD3893E60}
	EndGlobalSection
EndGlobal
