
Microsoft Visual Studio Solution File, Format Version 12.00
# Visual Studio Version 16
VisualStudioVersion = 16.0.31402.337
MinimumVisualStudioVersion = 10.0.40219.1
Project("{FAE04EC0-301F-11D3-BF4B-00C04F79EFBC}") = "CustomLearning", "WPFMeteroWindow\CustomLearning.csproj", "{ED7B9B20-0DC3-49E6-811D-C38B4DBCE5A2}"
EndProject
Global
	GlobalSection(SolutionConfigurationPlatforms) = preSolution
		Debug|Any CPU = Debug|Any CPU
		Debug|x64 = Debug|x64
		Release|Any CPU = Release|Any CPU
		Release|x64 = Release|x64
	EndGlobalSection
	GlobalSection(ProjectConfigurationPlatforms) = postSolution
		{ED7B9B20-0DC3-49E6-811D-C38B4DBCE5A2}.Debug|Any CPU.ActiveCfg = Debug|Any CPU
		{ED7B9B20-0DC3-49E6-811D-C38B4DBCE5A2}.Debug|Any CPU.Build.0 = Debug|Any CPU
		{ED7B9B20-0DC3-49E6-811D-C38B4DBCE5A2}.Debug|x64.ActiveCfg = Debug|x64
		{ED7B9B20-0DC3-49E6-811D-C38B4DBCE5A2}.Debug|x64.Build.0 = Debug|x64
		{ED7B9B20-0DC3-49E6-811D-C38B4DBCE5A2}.Release|Any CPU.ActiveCfg = Release|Any CPU
		{ED7B9B20-0DC3-49E6-811D-C38B4DBCE5A2}.Release|Any CPU.Build.0 = Release|Any CPU
		{ED7B9B20-0DC3-49E6-811D-C38B4DBCE5A2}.Release|x64.ActiveCfg = Release|x64
		{ED7B9B20-0DC3-49E6-811D-C38B4DBCE5A2}.Release|x64.Build.0 = Release|x64
	EndGlobalSection
	GlobalSection(SolutionProperties) = preSolution
		HideSolutionNode = FALSE
	EndGlobalSection
	GlobalSection(ExtensibilityGlobals) = postSolution
		SolutionGuid = {B46FB32A-B180-46DB-BA36-92EFD3893E60}
	EndGlobalSection
EndGlobal
